
Microsoft Visual Studio Solution File, Format Version 12.00
# Visual Studio Version 17
VisualStudioVersion = 17.7.34024.191
MinimumVisualStudioVersion = 10.0.40219.1
Project("{FAE04EC0-301F-11D3-BF4B-00C04F79EFBC}") = "APIPruebaLGDTO", "APIPruebaLGDTO\APIPruebaLGDTO.csproj", "{9AE8064A-BFB5-4658-97AA-E7D4B81054EE}"
EndProject
Global
	GlobalSection(SolutionConfigurationPlatforms) = preSolution
		Debug|Any CPU = Debug|Any CPU
		Release|Any CPU = Release|Any CPU
	EndGlobalSection
	GlobalSection(ProjectConfigurationPlatforms) = postSolution
		{9AE8064A-BFB5-4658-97AA-E7D4B81054EE}.Debug|Any CPU.ActiveCfg = Debug|Any CPU
		{9AE8064A-BFB5-4658-97AA-E7D4B81054EE}.Debug|Any CPU.Build.0 = Debug|Any CPU
		{9AE8064A-BFB5-4658-97AA-E7D4B81054EE}.Release|Any CPU.ActiveCfg = Release|Any CPU
		{9AE8064A-BFB5-4658-97AA-E7D4B81054EE}.Release|Any CPU.Build.0 = Release|Any CPU
	EndGlobalSection
	GlobalSection(SolutionProperties) = preSolution
		HideSolutionNode = FALSE
	EndGlobalSection
	GlobalSection(ExtensibilityGlobals) = postSolution
		SolutionGuid = {BA69EECC-F55C-464D-9540-2CB6D6CFB24B}
	EndGlobalSection
EndGlobal
